
Microsoft Visual Studio Solution File, Format Version 12.00
# Visual Studio Version 17
VisualStudioVersion = 17.13.35825.156
MinimumVisualStudioVersion = 10.0.40219.1
Project("{FAE04EC0-301F-11D3-BF4B-00C04F79EFBC}") = "TrainRoutesFinder", "TrainRoutesFinder.csproj", "{589CD829-F8AC-434C-A8BB-0B6483CDC67D}"
EndProject
Project("{FAE04EC0-301F-11D3-BF4B-00C04F79EFBC}") = "TrainRoutesFinder.Tests", "..\TrainRoutesFinder.Tests\TrainRoutesFinder.Tests.csproj", "{C584B837-C77E-AD06-1432-A77A8CB8487C}"
EndProject
Global
	GlobalSection(SolutionConfigurationPlatforms) = preSolution
		Debug|Any CPU = Debug|Any CPU
		Release|Any CPU = Release|Any CPU
	EndGlobalSection
	GlobalSection(ProjectConfigurationPlatforms) = postSolution
		{589CD829-F8AC-434C-A8BB-0B6483CDC67D}.Debug|Any CPU.ActiveCfg = Debug|Any CPU
		{589CD829-F8AC-434C-A8BB-0B6483CDC67D}.Debug|Any CPU.Build.0 = Debug|Any CPU
		{589CD829-F8AC-434C-A8BB-0B6483CDC67D}.Release|Any CPU.ActiveCfg = Release|Any CPU
		{589CD829-F8AC-434C-A8BB-0B6483CDC67D}.Release|Any CPU.Build.0 = Release|Any CPU
		{C584B837-C77E-AD06-1432-A77A8CB8487C}.Debug|Any CPU.ActiveCfg = Debug|Any CPU
		{C584B837-C77E-AD06-1432-A77A8CB8487C}.Debug|Any CPU.Build.0 = Debug|Any CPU
		{C584B837-C77E-AD06-1432-A77A8CB8487C}.Release|Any CPU.ActiveCfg = Release|Any CPU
		{C584B837-C77E-AD06-1432-A77A8CB8487C}.Release|Any CPU.Build.0 = Release|Any CPU
	EndGlobalSection
	GlobalSection(SolutionProperties) = preSolution
		HideSolutionNode = FALSE
	EndGlobalSection
	GlobalSection(ExtensibilityGlobals) = postSolution
		SolutionGuid = {4B95C163-CA55-4C33-9CD1-807C7C60556B}
	EndGlobalSection
EndGlobal
